{
  "name": "musebot",
  "version": "1.0.0",
  "lockfileVersion": 2,
  "requires": true,
  "packages": {
    "": {
      "name": "musebot",
      "version": "1.0.0",
      "license": "ISC",
      "dependencies": {
        "jzz": "^1.4.0",
        "jzz-midi-smf": "^1.6.2",
        "midi-player-js": "^2.0.14",
        "scribbletune": "^4.1.1"
      },
      "devDependencies": {
        "@types/node": "^16.7.4"
      }
    },
    "node_modules/@types/node": {
      "version": "16.7.4",
      "resolved": "https://registry.npmjs.org/@types/node/-/node-16.7.4.tgz",
      "integrity": "sha512-25QXpDsTiDnl2rZGUenagVMwO46way8dOUdvoC3R3p+6TrbpxeJBo/v87BEG1IHI31Jhaa8lPeSHcqwxsVBeYQ==",
      "dev": true
    },
    "node_modules/@types/webmidi": {
      "version": "2.0.6",
      "resolved": "https://registry.npmjs.org/@types/webmidi/-/webmidi-2.0.6.tgz",
      "integrity": "sha512-sfS0A5IryqmBrUpcGPipEPeFdpqmZzP6b6lZFxHKgz5n2Vhzh4yJ5P2TvoDUhDjqJyv0Y25ng0Qodgo2Vu08ug=="
    },
    "node_modules/harmonics": {
      "version": "1.0.7",
      "resolved": "https://registry.npmjs.org/harmonics/-/harmonics-1.0.7.tgz",
      "integrity": "sha512-kvi3ZuZjVhnGMJb2MdYLttJoBqOEPomzfP9iIXIKWQxWsOxzkHww25uqK4Sk1mY4hiQba7QFYpZHLouqeoAO/w=="
    },
    "node_modules/jazz-midi": {
      "version": "1.7.5",
      "resolved": "https://registry.npmjs.org/jazz-midi/-/jazz-midi-1.7.5.tgz",
      "integrity": "sha512-RUxChhn388CZfSymwwgucfaBxGu4Z0eeJOSTnUMsDN2tMx5E8G+o7h2gk/xPaDTfOORnQsJk71VhSuqiw1Hy9Q==",
      "engines": {
        "node": ">=10.0.0"
      }
    },
    "node_modules/jsmidgen": {
      "version": "0.1.5",
      "resolved": "https://registry.npmjs.org/jsmidgen/-/jsmidgen-0.1.5.tgz",
      "integrity": "sha1-rQr9Y3XrEvUQZAJTk847rsOAWF0="
    },
    "node_modules/jzz": {
      "version": "1.4.0",
      "resolved": "https://registry.npmjs.org/jzz/-/jzz-1.4.0.tgz",
      "integrity": "sha512-DfeZfuOnDrgA6+3ZtzDAVxzJWqJ5f64/8srJe9KhjTeQZJiXguD+oltaRog4N4v+i2QsTSBA0aBGWydvOa8fiA==",
      "dependencies": {
        "@types/webmidi": "^2.0.6",
        "jazz-midi": "^1.7.5"
      }
    },
    "node_modules/jzz-midi-smf": {
      "version": "1.6.2",
      "resolved": "https://registry.npmjs.org/jzz-midi-smf/-/jzz-midi-smf-1.6.2.tgz",
      "integrity": "sha512-osWkOschDdEwv7jz18PFFeoBykw7yXClZ9O5p/kp40QlpEN9Kqb/DJ/NluymwKHY4q0aROMjlKJZiaZaRcriMw==",
      "dependencies": {
        "jzz": "^1.4.0"
      }
    },
    "node_modules/midi-player-js": {
      "version": "2.0.14",
      "resolved": "https://registry.npmjs.org/midi-player-js/-/midi-player-js-2.0.14.tgz",
      "integrity": "sha512-bSBXHIV6NQe41h0J9GkfTHkFeZUV/SuybgG1oOQRmcp0akkjJ0B1fxtXP23SbdjZkRL9/0mcjyQkyz94UcOlzQ==",
      "hasInstallScript": true,
      "engines": {
        "node": ">=10.0.0"
      }
    },
    "node_modules/scribbletune": {
      "version": "4.1.1",
      "resolved": "https://registry.npmjs.org/scribbletune/-/scribbletune-4.1.1.tgz",
      "integrity": "sha512-7VL260Ec4Pl7Z+NLQdAMmy3vq4HOTbd27RWUVLSQH3CgkuFpXkReTFGDzOkVu59I/oVvBp8Rdh+qoVukdU+BqQ==",
      "dependencies": {
        "harmonics": "^1.0.7",
        "jsmidgen": "~0.1.5"
      },
      "engines": {
        "node": ">8.x.x"
      }
    }
  },
  "dependencies": {
    "@types/node": {
      "version": "16.7.4",
      "resolved": "https://registry.npmjs.org/@types/node/-/node-16.7.4.tgz",
      "integrity": "sha512-25QXpDsTiDnl2rZGUenagVMwO46way8dOUdvoC3R3p+6TrbpxeJBo/v87BEG1IHI31Jhaa8lPeSHcqwxsVBeYQ==",
      "dev": true
    },
    "@types/webmidi": {
      "version": "2.0.6",
      "resolved": "https://registry.npmjs.org/@types/webmidi/-/webmidi-2.0.6.tgz",
      "integrity": "sha512-sfS0A5IryqmBrUpcGPipEPeFdpqmZzP6b6lZFxHKgz5n2Vhzh4yJ5P2TvoDUhDjqJyv0Y25ng0Qodgo2Vu08ug=="
    },
    "harmonics": {
      "version": "1.0.7",
      "resolved": "https://registry.npmjs.org/harmonics/-/harmonics-1.0.7.tgz",
      "integrity": "sha512-kvi3ZuZjVhnGMJb2MdYLttJoBqOEPomzfP9iIXIKWQxWsOxzkHww25uqK4Sk1mY4hiQba7QFYpZHLouqeoAO/w=="
    },
    "jazz-midi": {
      "version": "1.7.5",
      "resolved": "https://registry.npmjs.org/jazz-midi/-/jazz-midi-1.7.5.tgz",
      "integrity": "sha512-RUxChhn388CZfSymwwgucfaBxGu4Z0eeJOSTnUMsDN2tMx5E8G+o7h2gk/xPaDTfOORnQsJk71VhSuqiw1Hy9Q=="
    },
    "jsmidgen": {
      "version": "0.1.5",
      "resolved": "https://registry.npmjs.org/jsmidgen/-/jsmidgen-0.1.5.tgz",
      "integrity": "sha1-rQr9Y3XrEvUQZAJTk847rsOAWF0="
    },
    "jzz": {
      "version": "1.4.0",
      "resolved": "https://registry.npmjs.org/jzz/-/jzz-1.4.0.tgz",
      "integrity": "sha512-DfeZfuOnDrgA6+3ZtzDAVxzJWqJ5f64/8srJe9KhjTeQZJiXguD+oltaRog4N4v+i2QsTSBA0aBGWydvOa8fiA==",
      "requires": {
        "@types/webmidi": "^2.0.6",
        "jazz-midi": "^1.7.5"
      }
    },
    "jzz-midi-smf": {
      "version": "1.6.2",
      "resolved": "https://registry.npmjs.org/jzz-midi-smf/-/jzz-midi-smf-1.6.2.tgz",
      "integrity": "sha512-osWkOschDdEwv7jz18PFFeoBykw7yXClZ9O5p/kp40QlpEN9Kqb/DJ/NluymwKHY4q0aROMjlKJZiaZaRcriMw==",
      "requires": {
        "jzz": "^1.4.0"
      }
    },
    "midi-player-js": {
      "version": "2.0.14",
      "resolved": "https://registry.npmjs.org/midi-player-js/-/midi-player-js-2.0.14.tgz",
      "integrity": "sha512-bSBXHIV6NQe41h0J9GkfTHkFeZUV/SuybgG1oOQRmcp0akkjJ0B1fxtXP23SbdjZkRL9/0mcjyQkyz94UcOlzQ=="
    },
    "scribbletune": {
      "version": "4.1.1",
      "resolved": "https://registry.npmjs.org/scribbletune/-/scribbletune-4.1.1.tgz",
      "integrity": "sha512-7VL260Ec4Pl7Z+NLQdAMmy3vq4HOTbd27RWUVLSQH3CgkuFpXkReTFGDzOkVu59I/oVvBp8Rdh+qoVukdU+BqQ==",
      "requires": {
        "harmonics": "^1.0.7",
        "jsmidgen": "~0.1.5"
      }
    }
  }
}
